
Microsoft Visual Studio Solution File, Format Version 12.00
# Visual Studio Version 16
VisualStudioVersion = 16.0.33214.272
MinimumVisualStudioVersion = 10.0.40219.1
Project("{FAE04EC0-301F-11D3-BF4B-00C04F79EFBC}") = "Server", "Server.csproj", "{0FCFF12E-6F79-4333-A816-3FC7EE0255E7}"
EndProject
Project("{FAE04EC0-301F-11D3-BF4B-00C04F79EFBC}") = "Client", "..\Client\Client.csproj", "{1EB24FA8-77DD-4EC1-A814-3680D286C28D}"
EndProject
Global
	GlobalSection(SolutionConfigurationPlatforms) = preSolution
		Debug|Any CPU = Debug|Any CPU
		Release|Any CPU = Release|Any CPU
	EndGlobalSection
	GlobalSection(ProjectConfigurationPlatforms) = postSolution
		{0FCFF12E-6F79-4333-A816-3FC7EE0255E7}.Debug|Any CPU.ActiveCfg = Debug|Any CPU
		{0FCFF12E-6F79-4333-A816-3FC7EE0255E7}.Debug|Any CPU.Build.0 = Debug|Any CPU
		{0FCFF12E-6F79-4333-A816-3FC7EE0255E7}.Release|Any CPU.ActiveCfg = Release|Any CPU
		{0FCFF12E-6F79-4333-A816-3FC7EE0255E7}.Release|Any CPU.Build.0 = Release|Any CPU
		{1EB24FA8-77DD-4EC1-A814-3680D286C28D}.Debug|Any CPU.ActiveCfg = Debug|Any CPU
		{1EB24FA8-77DD-4EC1-A814-3680D286C28D}.Debug|Any CPU.Build.0 = Debug|Any CPU
		{1EB24FA8-77DD-4EC1-A814-3680D286C28D}.Release|Any CPU.ActiveCfg = Release|Any CPU
		{1EB24FA8-77DD-4EC1-A814-3680D286C28D}.Release|Any CPU.Build.0 = Release|Any CPU
	EndGlobalSection
	GlobalSection(SolutionProperties) = preSolution
		HideSolutionNode = FALSE
	EndGlobalSection
	GlobalSection(ExtensibilityGlobals) = postSolution
		SolutionGuid = {1A1872B0-3017-4374-BC15-2E31F32FD6F3}
	EndGlobalSection
EndGlobal
